// !$*UTF8*$!
{
	archiveVersion = 1;
	classes = {
	};
	objectVersion = 56;
	objects = {

/* Begin PBXBuildFile section */
		B8EB50812B7C7A16001C7B73 /* AppDelegate.swift in Sources */ = {isa = PBXBuildFile; fileRef = B8EB50802B7C7A16001C7B73 /* AppDelegate.swift */; };
		B8EB50832B7C7A16001C7B73 /* SceneDelegate.swift in Sources */ = {isa = PBXBuildFile; fileRef = B8EB50822B7C7A16001C7B73 /* SceneDelegate.swift */; };
		B8EB50852B7C7A16001C7B73 /* ViewController.swift in Sources */ = {isa = PBXBuildFile; fileRef = B8EB50842B7C7A16001C7B73 /* ViewController.swift */; };
		B8EB50882B7C7A16001C7B73 /* Main.storyboard in Resources */ = {isa = PBXBuildFile; fileRef = B8EB50862B7C7A16001C7B73 /* Main.storyboard */; };
		B8EB508A2B7C7A18001C7B73 /* Assets.xcassets in Resources */ = {isa = PBXBuildFile; fileRef = B8EB50892B7C7A18001C7B73 /* Assets.xcassets */; };
		B8EB508D2B7C7A18001C7B73 /* LaunchScreen.storyboard in Resources */ = {isa = PBXBuildFile; fileRef = B8EB508B2B7C7A18001C7B73 /* LaunchScreen.storyboard */; };
		B8EB512D2B7CB5EE001C7B73 /* SF-Pro-Italic.ttf in Resources */ = {isa = PBXBuildFile; fileRef = B8EB50FD2B7CB5ED001C7B73 /* SF-Pro-Italic.ttf */; };
		B8EB512E2B7CB5EE001C7B73 /* SF-Pro-Display-Thin.otf in Resources */ = {isa = PBXBuildFile; fileRef = B8EB50FE2B7CB5ED001C7B73 /* SF-Pro-Display-Thin.otf */; };
		B8EB512F2B7CB5EE001C7B73 /* SF-Pro-Display-SemiboldItalic.otf in Resources */ = {isa = PBXBuildFile; fileRef = B8EB50FF2B7CB5ED001C7B73 /* SF-Pro-Display-SemiboldItalic.otf */; };
		B8EB51302B7CB5EE001C7B73 /* SF-Pro.ttf in Resources */ = {isa = PBXBuildFile; fileRef = B8EB51002B7CB5ED001C7B73 /* SF-Pro.ttf */; };
		B8EB51312B7CB5EE001C7B73 /* SF-Pro-Text-UltralightItalic.otf in Resources */ = {isa = PBXBuildFile; fileRef = B8EB51012B7CB5ED001C7B73 /* SF-Pro-Text-UltralightItalic.otf */; };
		B8EB51322B7CB5EE001C7B73 /* SF-Pro-Text-Heavy.otf in Resources */ = {isa = PBXBuildFile; fileRef = B8EB51022B7CB5ED001C7B73 /* SF-Pro-Text-Heavy.otf */; };
		B8EB51332B7CB5EE001C7B73 /* SF-Pro-Display-RegularItalic.otf in Resources */ = {isa = PBXBuildFile; fileRef = B8EB51032B7CB5ED001C7B73 /* SF-Pro-Display-RegularItalic.otf */; };
		B8EB51342B7CB5EE001C7B73 /* SF-Pro-Display-Light.otf in Resources */ = {isa = PBXBuildFile; fileRef = B8EB51042B7CB5ED001C7B73 /* SF-Pro-Display-Light.otf */; };
		B8EB51352B7CB5EE001C7B73 /* SF-Pro-Rounded-Semibold.otf in Resources */ = {isa = PBXBuildFile; fileRef = B8EB51052B7CB5ED001C7B73 /* SF-Pro-Rounded-Semibold.otf */; };
		B8EB51362B7CB5EE001C7B73 /* SF-Pro-Display-Regular.otf in Resources */ = {isa = PBXBuildFile; fileRef = B8EB51062B7CB5ED001C7B73 /* SF-Pro-Display-Regular.otf */; };
		B8EB51372B7CB5EE001C7B73 /* SF-Pro-Text-MediumItalic.otf in Resources */ = {isa = PBXBuildFile; fileRef = B8EB51072B7CB5ED001C7B73 /* SF-Pro-Text-MediumItalic.otf */; };
		B8EB51382B7CB5EE001C7B73 /* SF-Pro-Display-Bold.otf in Resources */ = {isa = PBXBuildFile; fileRef = B8EB51082B7CB5ED001C7B73 /* SF-Pro-Display-Bold.otf */; };
		B8EB51392B7CB5EE001C7B73 /* SF-Pro-Rounded-Regular.otf in Resources */ = {isa = PBXBuildFile; fileRef = B8EB51092B7CB5ED001C7B73 /* SF-Pro-Rounded-Regular.otf */; };
		B8EB513A2B7CB5EE001C7B73 /* SF-Pro-Display-Medium.otf in Resources */ = {isa = PBXBuildFile; fileRef = B8EB510A2B7CB5ED001C7B73 /* SF-Pro-Display-Medium.otf */; };
		B8EB513B2B7CB5EE001C7B73 /* Arial Unicode.ttf in Resources */ = {isa = PBXBuildFile; fileRef = B8EB510B2B7CB5ED001C7B73 /* Arial Unicode.ttf */; };
		B8EB513C2B7CB5EE001C7B73 /* SF-Pro-Display-Heavy.otf in Resources */ = {isa = PBXBuildFile; fileRef = B8EB510C2B7CB5ED001C7B73 /* SF-Pro-Display-Heavy.otf */; };
		B8EB513D2B7CB5EE001C7B73 /* SF-Pro-Text-Light.otf in Resources */ = {isa = PBXBuildFile; fileRef = B8EB510D2B7CB5ED001C7B73 /* SF-Pro-Text-Light.otf */; };
		B8EB513E2B7CB5EE001C7B73 /* SF-Pro-Rounded-Black.otf in Resources */ = {isa = PBXBuildFile; fileRef = B8EB510E2B7CB5ED001C7B73 /* SF-Pro-Rounded-Black.otf */; };
		B8EB513F2B7CB5EE001C7B73 /* SF-Pro-Display-Semibold.otf in Resources */ = {isa = PBXBuildFile; fileRef = B8EB510F2B7CB5ED001C7B73 /* SF-Pro-Display-Semibold.otf */; };
		B8EB51402B7CB5EE001C7B73 /* SF-Pro-Text-BlackItalic.otf in Resources */ = {isa = PBXBuildFile; fileRef = B8EB51102B7CB5ED001C7B73 /* SF-Pro-Text-BlackItalic.otf */; };
		B8EB51412B7CB5EE001C7B73 /* SF-Pro-Text-Black.otf in Resources */ = {isa = PBXBuildFile; fileRef = B8EB51112B7CB5ED001C7B73 /* SF-Pro-Text-Black.otf */; };
		B8EB51422B7CB5EE001C7B73 /* SF-Pro-Rounded-Light.otf in Resources */ = {isa = PBXBuildFile; fileRef = B8EB51122B7CB5ED001C7B73 /* SF-Pro-Rounded-Light.otf */; };
		B8EB51432B7CB5EE001C7B73 /* SF-Pro-Text-Regular.otf in Resources */ = {isa = PBXBuildFile; fileRef = B8EB51132B7CB5ED001C7B73 /* SF-Pro-Text-Regular.otf */; };
		B8EB51442B7CB5EE001C7B73 /* SF-Pro-Text-Ultralight.otf in Resources */ = {isa = PBXBuildFile; fileRef = B8EB51142B7CB5EE001C7B73 /* SF-Pro-Text-Ultralight.otf */; };
		B8EB51452B7CB5EE001C7B73 /* SF-Pro-Text-Bold.otf in Resources */ = {isa = PBXBuildFile; fileRef = B8EB51152B7CB5EE001C7B73 /* SF-Pro-Text-Bold.otf */; };
		B8EB51462B7CB5EE001C7B73 /* SF-Pro-Text-Thin.otf in Resources */ = {isa = PBXBuildFile; fileRef = B8EB51162B7CB5EE001C7B73 /* SF-Pro-Text-Thin.otf */; };
		B8EB51472B7CB5EE001C7B73 /* SF-Pro-Display-MediumItalic.otf in Resources */ = {isa = PBXBuildFile; fileRef = B8EB51172B7CB5EE001C7B73 /* SF-Pro-Display-MediumItalic.otf */; };
		B8EB51482B7CB5EE001C7B73 /* SF-Pro-Display-HeavyItalic.otf in Resources */ = {isa = PBXBuildFile; fileRef = B8EB51182B7CB5EE001C7B73 /* SF-Pro-Display-HeavyItalic.otf */; };
		B8EB51492B7CB5EE001C7B73 /* SF-Pro-Display-Ultralight.otf in Resources */ = {isa = PBXBuildFile; fileRef = B8EB51192B7CB5EE001C7B73 /* SF-Pro-Display-Ultralight.otf */; };
		B8EB514A2B7CB5EE001C7B73 /* SF-Pro-Display-UltralightItalic.otf in Resources */ = {isa = PBXBuildFile; fileRef = B8EB511A2B7CB5EE001C7B73 /* SF-Pro-Display-UltralightItalic.otf */; };
		B8EB514B2B7CB5EE001C7B73 /* SF-Pro-Display-LightItalic.otf in Resources */ = {isa = PBXBuildFile; fileRef = B8EB511B2B7CB5EE001C7B73 /* SF-Pro-Display-LightItalic.otf */; };
		B8EB514C2B7CB5EE001C7B73 /* SF-Pro-Rounded-Thin.otf in Resources */ = {isa = PBXBuildFile; fileRef = B8EB511C2B7CB5EE001C7B73 /* SF-Pro-Rounded-Thin.otf */; };
		B8EB514D2B7CB5EE001C7B73 /* SF-Pro-Text-ThinItalic.otf in Resources */ = {isa = PBXBuildFile; fileRef = B8EB511D2B7CB5EE001C7B73 /* SF-Pro-Text-ThinItalic.otf */; };
		B8EB514E2B7CB5EE001C7B73 /* SF-Pro-Display-BlackItalic.otf in Resources */ = {isa = PBXBuildFile; fileRef = B8EB511E2B7CB5EE001C7B73 /* SF-Pro-Display-BlackItalic.otf */; };
		B8EB514F2B7CB5EE001C7B73 /* SF-Pro-Display-Black.otf in Resources */ = {isa = PBXBuildFile; fileRef = B8EB511F2B7CB5EE001C7B73 /* SF-Pro-Display-Black.otf */; };
		B8EB51502B7CB5EE001C7B73 /* SF-Pro-Rounded-Medium.otf in Resources */ = {isa = PBXBuildFile; fileRef = B8EB51202B7CB5EE001C7B73 /* SF-Pro-Rounded-Medium.otf */; };
		B8EB51512B7CB5EE001C7B73 /* SF-Pro-Text-BoldItalic.otf in Resources */ = {isa = PBXBuildFile; fileRef = B8EB51212B7CB5EE001C7B73 /* SF-Pro-Text-BoldItalic.otf */; };
		B8EB51522B7CB5EE001C7B73 /* SF-Pro-Text-RegularItalic.otf in Resources */ = {isa = PBXBuildFile; fileRef = B8EB51222B7CB5EE001C7B73 /* SF-Pro-Text-RegularItalic.otf */; };
		B8EB51532B7CB5EE001C7B73 /* SF-Pro-Text-Semibold.otf in Resources */ = {isa = PBXBuildFile; fileRef = B8EB51232B7CB5EE001C7B73 /* SF-Pro-Text-Semibold.otf */; };
		B8EB51542B7CB5EE001C7B73 /* SF-Pro-Text-HeavyItalic.otf in Resources */ = {isa = PBXBuildFile; fileRef = B8EB51242B7CB5EE001C7B73 /* SF-Pro-Text-HeavyItalic.otf */; };
		B8EB51552B7CB5EE001C7B73 /* SF-Pro-Display-ThinItalic.otf in Resources */ = {isa = PBXBuildFile; fileRef = B8EB51252B7CB5EE001C7B73 /* SF-Pro-Display-ThinItalic.otf */; };
		B8EB51562B7CB5EE001C7B73 /* SF-Pro-Text-LightItalic.otf in Resources */ = {isa = PBXBuildFile; fileRef = B8EB51262B7CB5EE001C7B73 /* SF-Pro-Text-LightItalic.otf */; };
		B8EB51572B7CB5EE001C7B73 /* SF-Pro-Rounded-Ultralight.otf in Resources */ = {isa = PBXBuildFile; fileRef = B8EB51272B7CB5EE001C7B73 /* SF-Pro-Rounded-Ultralight.otf */; };
		B8EB51582B7CB5EE001C7B73 /* SF-Pro-Text-Medium.otf in Resources */ = {isa = PBXBuildFile; fileRef = B8EB51282B7CB5EE001C7B73 /* SF-Pro-Text-Medium.otf */; };
		B8EB51592B7CB5EE001C7B73 /* SF-Pro-Rounded-Heavy.otf in Resources */ = {isa = PBXBuildFile; fileRef = B8EB51292B7CB5EE001C7B73 /* SF-Pro-Rounded-Heavy.otf */; };
		B8EB515A2B7CB5EE001C7B73 /* SF-Pro-Display-BoldItalic.otf in Resources */ = {isa = PBXBuildFile; fileRef = B8EB512A2B7CB5EE001C7B73 /* SF-Pro-Display-BoldItalic.otf */; };
		B8EB515B2B7CB5EE001C7B73 /* SF-Pro-Rounded-Bold.otf in Resources */ = {isa = PBXBuildFile; fileRef = B8EB512B2B7CB5EE001C7B73 /* SF-Pro-Rounded-Bold.otf */; };
		B8EB515C2B7CB5EE001C7B73 /* SF-Pro-Text-SemiboldItalic.otf in Resources */ = {isa = PBXBuildFile; fileRef = B8EB512C2B7CB5EE001C7B73 /* SF-Pro-Text-SemiboldItalic.otf */; };
		B8EB51632B7CB708001C7B73 /* MainViewController.swift in Sources */ = {isa = PBXBuildFile; fileRef = B8EB51622B7CB708001C7B73 /* MainViewController.swift */; };
		B8EB51782B7E0C63001C7B73 /* CollectionTableViewCell.swift in Sources */ = {isa = PBXBuildFile; fileRef = B8EB51762B7E0C63001C7B73 /* CollectionTableViewCell.swift */; };
		B8EB51792B7E0C63001C7B73 /* CollectionTableViewCell.xib in Resources */ = {isa = PBXBuildFile; fileRef = B8EB51772B7E0C63001C7B73 /* CollectionTableViewCell.xib */; };
		B8EB517C2B7E0D39001C7B73 /* CategoriesCollectionViewCell.swift in Sources */ = {isa = PBXBuildFile; fileRef = B8EB517A2B7E0D39001C7B73 /* CategoriesCollectionViewCell.swift */; };
		B8EB517D2B7E0D39001C7B73 /* CategoriesCollectionViewCell.xib in Resources */ = {isa = PBXBuildFile; fileRef = B8EB517B2B7E0D39001C7B73 /* CategoriesCollectionViewCell.xib */; };
		B8EB51802B7E0D4C001C7B73 /* PlacesCollectionViewCell.swift in Sources */ = {isa = PBXBuildFile; fileRef = B8EB517E2B7E0D4C001C7B73 /* PlacesCollectionViewCell.swift */; };
		B8EB51812B7E0D4C001C7B73 /* PlacesCollectionViewCell.xib in Resources */ = {isa = PBXBuildFile; fileRef = B8EB517F2B7E0D4C001C7B73 /* PlacesCollectionViewCell.xib */; };
		B8EB51832B7E0EBF001C7B73 /* Place.swift in Sources */ = {isa = PBXBuildFile; fileRef = B8EB51822B7E0EBF001C7B73 /* Place.swift */; };
		B8EB51852B7E2725001C7B73 /* PlaceViewController.swift in Sources */ = {isa = PBXBuildFile; fileRef = B8EB51842B7E2725001C7B73 /* PlaceViewController.swift */; };
		B8EB51872B7FA5DC001C7B73 /* CustomPrimaryButton.swift in Sources */ = {isa = PBXBuildFile; fileRef = B8EB51862B7FA5DC001C7B73 /* CustomPrimaryButton.swift */; };
		B8EB51892B7FAAD2001C7B73 /* CustomImageButton.swift in Sources */ = {isa = PBXBuildFile; fileRef = B8EB51882B7FAAD2001C7B73 /* CustomImageButton.swift */; };
/* End PBXBuildFile section */

/* Begin PBXFileReference section */
		B8EB507D2B7C7A16001C7B73 /* NeoTour.app */ = {isa = PBXFileReference; explicitFileType = wrapper.application; includeInIndex = 0; path = NeoTour.app; sourceTree = BUILT_PRODUCTS_DIR; };
		B8EB50802B7C7A16001C7B73 /* AppDelegate.swift */ = {isa = PBXFileReference; lastKnownFileType = sourcecode.swift; path = AppDelegate.swift; sourceTree = "<group>"; };
		B8EB50822B7C7A16001C7B73 /* SceneDelegate.swift */ = {isa = PBXFileReference; lastKnownFileType = sourcecode.swift; path = SceneDelegate.swift; sourceTree = "<group>"; };
		B8EB50842B7C7A16001C7B73 /* ViewController.swift */ = {isa = PBXFileReference; lastKnownFileType = sourcecode.swift; path = ViewController.swift; sourceTree = "<group>"; };
		B8EB50872B7C7A16001C7B73 /* Base */ = {isa = PBXFileReference; lastKnownFileType = file.storyboard; name = Base; path = Base.lproj/Main.storyboard; sourceTree = "<group>"; };
		B8EB50892B7C7A18001C7B73 /* Assets.xcassets */ = {isa = PBXFileReference; lastKnownFileType = folder.assetcatalog; path = Assets.xcassets; sourceTree = "<group>"; };
		B8EB508C2B7C7A18001C7B73 /* Base */ = {isa = PBXFileReference; lastKnownFileType = file.storyboard; name = Base; path = Base.lproj/LaunchScreen.storyboard; sourceTree = "<group>"; };
		B8EB508E2B7C7A18001C7B73 /* Info.plist */ = {isa = PBXFileReference; lastKnownFileType = text.plist.xml; path = Info.plist; sourceTree = "<group>"; };
		B8EB50FD2B7CB5ED001C7B73 /* SF-Pro-Italic.ttf */ = {isa = PBXFileReference; lastKnownFileType = file; path = "SF-Pro-Italic.ttf"; sourceTree = "<group>"; };
		B8EB50FE2B7CB5ED001C7B73 /* SF-Pro-Display-Thin.otf */ = {isa = PBXFileReference; lastKnownFileType = file; path = "SF-Pro-Display-Thin.otf"; sourceTree = "<group>"; };
		B8EB50FF2B7CB5ED001C7B73 /* SF-Pro-Display-SemiboldItalic.otf */ = {isa = PBXFileReference; lastKnownFileType = file; path = "SF-Pro-Display-SemiboldItalic.otf"; sourceTree = "<group>"; };
		B8EB51002B7CB5ED001C7B73 /* SF-Pro.ttf */ = {isa = PBXFileReference; lastKnownFileType = file; path = "SF-Pro.ttf"; sourceTree = "<group>"; };
		B8EB51012B7CB5ED001C7B73 /* SF-Pro-Text-UltralightItalic.otf */ = {isa = PBXFileReference; lastKnownFileType = file; path = "SF-Pro-Text-UltralightItalic.otf"; sourceTree = "<group>"; };
		B8EB51022B7CB5ED001C7B73 /* SF-Pro-Text-Heavy.otf */ = {isa = PBXFileReference; lastKnownFileType = file; path = "SF-Pro-Text-Heavy.otf"; sourceTree = "<group>"; };
		B8EB51032B7CB5ED001C7B73 /* SF-Pro-Display-RegularItalic.otf */ = {isa = PBXFileReference; lastKnownFileType = file; path = "SF-Pro-Display-RegularItalic.otf"; sourceTree = "<group>"; };
		B8EB51042B7CB5ED001C7B73 /* SF-Pro-Display-Light.otf */ = {isa = PBXFileReference; lastKnownFileType = file; path = "SF-Pro-Display-Light.otf"; sourceTree = "<group>"; };
		B8EB51052B7CB5ED001C7B73 /* SF-Pro-Rounded-Semibold.otf */ = {isa = PBXFileReference; lastKnownFileType = file; path = "SF-Pro-Rounded-Semibold.otf"; sourceTree = "<group>"; };
		B8EB51062B7CB5ED001C7B73 /* SF-Pro-Display-Regular.otf */ = {isa = PBXFileReference; lastKnownFileType = file; path = "SF-Pro-Display-Regular.otf"; sourceTree = "<group>"; };
		B8EB51072B7CB5ED001C7B73 /* SF-Pro-Text-MediumItalic.otf */ = {isa = PBXFileReference; lastKnownFileType = file; path = "SF-Pro-Text-MediumItalic.otf"; sourceTree = "<group>"; };
		B8EB51082B7CB5ED001C7B73 /* SF-Pro-Display-Bold.otf */ = {isa = PBXFileReference; lastKnownFileType = file; path = "SF-Pro-Display-Bold.otf"; sourceTree = "<group>"; };
		B8EB51092B7CB5ED001C7B73 /* SF-Pro-Rounded-Regular.otf */ = {isa = PBXFileReference; lastKnownFileType = file; path = "SF-Pro-Rounded-Regular.otf"; sourceTree = "<group>"; };
		B8EB510A2B7CB5ED001C7B73 /* SF-Pro-Display-Medium.otf */ = {isa = PBXFileReference; lastKnownFileType = file; path = "SF-Pro-Display-Medium.otf"; sourceTree = "<group>"; };
		B8EB510B2B7CB5ED001C7B73 /* Arial Unicode.ttf */ = {isa = PBXFileReference; lastKnownFileType = file; path = "Arial Unicode.ttf"; sourceTree = "<group>"; };
		B8EB510C2B7CB5ED001C7B73 /* SF-Pro-Display-Heavy.otf */ = {isa = PBXFileReference; lastKnownFileType = file; path = "SF-Pro-Display-Heavy.otf"; sourceTree = "<group>"; };
		B8EB510D2B7CB5ED001C7B73 /* SF-Pro-Text-Light.otf */ = {isa = PBXFileReference; lastKnownFileType = file; path = "SF-Pro-Text-Light.otf"; sourceTree = "<group>"; };
		B8EB510E2B7CB5ED001C7B73 /* SF-Pro-Rounded-Black.otf */ = {isa = PBXFileReference; lastKnownFileType = file; path = "SF-Pro-Rounded-Black.otf"; sourceTree = "<group>"; };
		B8EB510F2B7CB5ED001C7B73 /* SF-Pro-Display-Semibold.otf */ = {isa = PBXFileReference; lastKnownFileType = file; path = "SF-Pro-Display-Semibold.otf"; sourceTree = "<group>"; };
		B8EB51102B7CB5ED001C7B73 /* SF-Pro-Text-BlackItalic.otf */ = {isa = PBXFileReference; lastKnownFileType = file; path = "SF-Pro-Text-BlackItalic.otf"; sourceTree = "<group>"; };
		B8EB51112B7CB5ED001C7B73 /* SF-Pro-Text-Black.otf */ = {isa = PBXFileReference; lastKnownFileType = file; path = "SF-Pro-Text-Black.otf"; sourceTree = "<group>"; };
		B8EB51122B7CB5ED001C7B73 /* SF-Pro-Rounded-Light.otf */ = {isa = PBXFileReference; lastKnownFileType = file; path = "SF-Pro-Rounded-Light.otf"; sourceTree = "<group>"; };
		B8EB51132B7CB5ED001C7B73 /* SF-Pro-Text-Regular.otf */ = {isa = PBXFileReference; lastKnownFileType = file; path = "SF-Pro-Text-Regular.otf"; sourceTree = "<group>"; };
		B8EB51142B7CB5EE001C7B73 /* SF-Pro-Text-Ultralight.otf */ = {isa = PBXFileReference; lastKnownFileType = file; path = "SF-Pro-Text-Ultralight.otf"; sourceTree = "<group>"; };
		B8EB51152B7CB5EE001C7B73 /* SF-Pro-Text-Bold.otf */ = {isa = PBXFileReference; lastKnownFileType = file; path = "SF-Pro-Text-Bold.otf"; sourceTree = "<group>"; };
		B8EB51162B7CB5EE001C7B73 /* SF-Pro-Text-Thin.otf */ = {isa = PBXFileReference; lastKnownFileType = file; path = "SF-Pro-Text-Thin.otf"; sourceTree = "<group>"; };
		B8EB51172B7CB5EE001C7B73 /* SF-Pro-Display-MediumItalic.otf */ = {isa = PBXFileReference; lastKnownFileType = file; path = "SF-Pro-Display-MediumItalic.otf"; sourceTree = "<group>"; };
		B8EB51182B7CB5EE001C7B73 /* SF-Pro-Display-HeavyItalic.otf */ = {isa = PBXFileReference; lastKnownFileType = file; path = "SF-Pro-Display-HeavyItalic.otf"; sourceTree = "<group>"; };
		B8EB51192B7CB5EE001C7B73 /* SF-Pro-Display-Ultralight.otf */ = {isa = PBXFileReference; lastKnownFileType = file; path = "SF-Pro-Display-Ultralight.otf"; sourceTree = "<group>"; };
		B8EB511A2B7CB5EE001C7B73 /* SF-Pro-Display-UltralightItalic.otf */ = {isa = PBXFileReference; lastKnownFileType = file; path = "SF-Pro-Display-UltralightItalic.otf"; sourceTree = "<group>"; };
		B8EB511B2B7CB5EE001C7B73 /* SF-Pro-Display-LightItalic.otf */ = {isa = PBXFileReference; lastKnownFileType = file; path = "SF-Pro-Display-LightItalic.otf"; sourceTree = "<group>"; };
		B8EB511C2B7CB5EE001C7B73 /* SF-Pro-Rounded-Thin.otf */ = {isa = PBXFileReference; lastKnownFileType = file; path = "SF-Pro-Rounded-Thin.otf"; sourceTree = "<group>"; };
		B8EB511D2B7CB5EE001C7B73 /* SF-Pro-Text-ThinItalic.otf */ = {isa = PBXFileReference; lastKnownFileType = file; path = "SF-Pro-Text-ThinItalic.otf"; sourceTree = "<group>"; };
		B8EB511E2B7CB5EE001C7B73 /* SF-Pro-Display-BlackItalic.otf */ = {isa = PBXFileReference; lastKnownFileType = file; path = "SF-Pro-Display-BlackItalic.otf"; sourceTree = "<group>"; };
		B8EB511F2B7CB5EE001C7B73 /* SF-Pro-Display-Black.otf */ = {isa = PBXFileReference; lastKnownFileType = file; path = "SF-Pro-Display-Black.otf"; sourceTree = "<group>"; };
		B8EB51202B7CB5EE001C7B73 /* SF-Pro-Rounded-Medium.otf */ = {isa = PBXFileReference; lastKnownFileType = file; path = "SF-Pro-Rounded-Medium.otf"; sourceTree = "<group>"; };
		B8EB51212B7CB5EE001C7B73 /* SF-Pro-Text-BoldItalic.otf */ = {isa = PBXFileReference; lastKnownFileType = file; path = "SF-Pro-Text-BoldItalic.otf"; sourceTree = "<group>"; };
		B8EB51222B7CB5EE001C7B73 /* SF-Pro-Text-RegularItalic.otf */ = {isa = PBXFileReference; lastKnownFileType = file; path = "SF-Pro-Text-RegularItalic.otf"; sourceTree = "<group>"; };
		B8EB51232B7CB5EE001C7B73 /* SF-Pro-Text-Semibold.otf */ = {isa = PBXFileReference; lastKnownFileType = file; path = "SF-Pro-Text-Semibold.otf"; sourceTree = "<group>"; };
		B8EB51242B7CB5EE001C7B73 /* SF-Pro-Text-HeavyItalic.otf */ = {isa = PBXFileReference; lastKnownFileType = file; path = "SF-Pro-Text-HeavyItalic.otf"; sourceTree = "<group>"; };
		B8EB51252B7CB5EE001C7B73 /* SF-Pro-Display-ThinItalic.otf */ = {isa = PBXFileReference; lastKnownFileType = file; path = "SF-Pro-Display-ThinItalic.otf"; sourceTree = "<group>"; };
		B8EB51262B7CB5EE001C7B73 /* SF-Pro-Text-LightItalic.otf */ = {isa = PBXFileReference; lastKnownFileType = file; path = "SF-Pro-Text-LightItalic.otf"; sourceTree = "<group>"; };
		B8EB51272B7CB5EE001C7B73 /* SF-Pro-Rounded-Ultralight.otf */ = {isa = PBXFileReference; lastKnownFileType = file; path = "SF-Pro-Rounded-Ultralight.otf"; sourceTree = "<group>"; };
		B8EB51282B7CB5EE001C7B73 /* SF-Pro-Text-Medium.otf */ = {isa = PBXFileReference; lastKnownFileType = file; path = "SF-Pro-Text-Medium.otf"; sourceTree = "<group>"; };
		B8EB51292B7CB5EE001C7B73 /* SF-Pro-Rounded-Heavy.otf */ = {isa = PBXFileReference; lastKnownFileType = file; path = "SF-Pro-Rounded-Heavy.otf"; sourceTree = "<group>"; };
		B8EB512A2B7CB5EE001C7B73 /* SF-Pro-Display-BoldItalic.otf */ = {isa = PBXFileReference; lastKnownFileType = file; path = "SF-Pro-Display-BoldItalic.otf"; sourceTree = "<group>"; };
		B8EB512B2B7CB5EE001C7B73 /* SF-Pro-Rounded-Bold.otf */ = {isa = PBXFileReference; lastKnownFileType = file; path = "SF-Pro-Rounded-Bold.otf"; sourceTree = "<group>"; };
		B8EB512C2B7CB5EE001C7B73 /* SF-Pro-Text-SemiboldItalic.otf */ = {isa = PBXFileReference; lastKnownFileType = file; path = "SF-Pro-Text-SemiboldItalic.otf"; sourceTree = "<group>"; };
		B8EB51622B7CB708001C7B73 /* MainViewController.swift */ = {isa = PBXFileReference; lastKnownFileType = sourcecode.swift; path = MainViewController.swift; sourceTree = "<group>"; };
		B8EB51762B7E0C63001C7B73 /* CollectionTableViewCell.swift */ = {isa = PBXFileReference; lastKnownFileType = sourcecode.swift; path = CollectionTableViewCell.swift; sourceTree = "<group>"; };
		B8EB51772B7E0C63001C7B73 /* CollectionTableViewCell.xib */ = {isa = PBXFileReference; lastKnownFileType = file.xib; path = CollectionTableViewCell.xib; sourceTree = "<group>"; };
		B8EB517A2B7E0D39001C7B73 /* CategoriesCollectionViewCell.swift */ = {isa = PBXFileReference; lastKnownFileType = sourcecode.swift; path = CategoriesCollectionViewCell.swift; sourceTree = "<group>"; };
		B8EB517B2B7E0D39001C7B73 /* CategoriesCollectionViewCell.xib */ = {isa = PBXFileReference; lastKnownFileType = file.xib; path = CategoriesCollectionViewCell.xib; sourceTree = "<group>"; };
		B8EB517E2B7E0D4C001C7B73 /* PlacesCollectionViewCell.swift */ = {isa = PBXFileReference; lastKnownFileType = sourcecode.swift; path = PlacesCollectionViewCell.swift; sourceTree = "<group>"; };
		B8EB517F2B7E0D4C001C7B73 /* PlacesCollectionViewCell.xib */ = {isa = PBXFileReference; lastKnownFileType = file.xib; path = PlacesCollectionViewCell.xib; sourceTree = "<group>"; };
		B8EB51822B7E0EBF001C7B73 /* Place.swift */ = {isa = PBXFileReference; lastKnownFileType = sourcecode.swift; path = Place.swift; sourceTree = "<group>"; };
		B8EB51842B7E2725001C7B73 /* PlaceViewController.swift */ = {isa = PBXFileReference; lastKnownFileType = sourcecode.swift; path = PlaceViewController.swift; sourceTree = "<group>"; };
		B8EB51862B7FA5DC001C7B73 /* CustomPrimaryButton.swift */ = {isa = PBXFileReference; lastKnownFileType = sourcecode.swift; path = CustomPrimaryButton.swift; sourceTree = "<group>"; };
		B8EB51882B7FAAD2001C7B73 /* CustomImageButton.swift */ = {isa = PBXFileReference; lastKnownFileType = sourcecode.swift; path = CustomImageButton.swift; sourceTree = "<group>"; };
/* End PBXFileReference section */

/* Begin PBXFrameworksBuildPhase section */
		B8EB507A2B7C7A16001C7B73 /* Frameworks */ = {
			isa = PBXFrameworksBuildPhase;
			buildActionMask = 2147483647;
			files = (
			);
			runOnlyForDeploymentPostprocessing = 0;
		};
/* End PBXFrameworksBuildPhase section */

/* Begin PBXGroup section */
		B8EB50742B7C7A16001C7B73 = {
			isa = PBXGroup;
			children = (
				B8EB507F2B7C7A16001C7B73 /* NeoTour */,
				B8EB507E2B7C7A16001C7B73 /* Products */,
			);
			sourceTree = "<group>";
		};
		B8EB507E2B7C7A16001C7B73 /* Products */ = {
			isa = PBXGroup;
			children = (
				B8EB507D2B7C7A16001C7B73 /* NeoTour.app */,
			);
			name = Products;
			sourceTree = "<group>";
		};
		B8EB507F2B7C7A16001C7B73 /* NeoTour */ = {
			isa = PBXGroup;
			children = (
				B8EB51652B7CB844001C7B73 /* Models */,
				B8EB51642B7CB835001C7B73 /* ViewModels */,
				B8EB515F2B7CB696001C7B73 /* Views */,
				B8EB50FB2B7CB5DD001C7B73 /* Fonts */,
				B8EB50802B7C7A16001C7B73 /* AppDelegate.swift */,
				B8EB50822B7C7A16001C7B73 /* SceneDelegate.swift */,
				B8EB50862B7C7A16001C7B73 /* Main.storyboard */,
				B8EB50892B7C7A18001C7B73 /* Assets.xcassets */,
				B8EB508B2B7C7A18001C7B73 /* LaunchScreen.storyboard */,
				B8EB508E2B7C7A18001C7B73 /* Info.plist */,
			);
			path = NeoTour;
			sourceTree = "<group>";
		};
		B8EB50FB2B7CB5DD001C7B73 /* Fonts */ = {
			isa = PBXGroup;
			children = (
				B8EB50FC2B7CB5ED001C7B73 /* SF-Pro-Display */,
			);
			path = Fonts;
			sourceTree = "<group>";
		};
		B8EB50FC2B7CB5ED001C7B73 /* SF-Pro-Display */ = {
			isa = PBXGroup;
			children = (
				B8EB50FD2B7CB5ED001C7B73 /* SF-Pro-Italic.ttf */,
				B8EB50FE2B7CB5ED001C7B73 /* SF-Pro-Display-Thin.otf */,
				B8EB50FF2B7CB5ED001C7B73 /* SF-Pro-Display-SemiboldItalic.otf */,
				B8EB51002B7CB5ED001C7B73 /* SF-Pro.ttf */,
				B8EB51012B7CB5ED001C7B73 /* SF-Pro-Text-UltralightItalic.otf */,
				B8EB51022B7CB5ED001C7B73 /* SF-Pro-Text-Heavy.otf */,
				B8EB51032B7CB5ED001C7B73 /* SF-Pro-Display-RegularItalic.otf */,
				B8EB51042B7CB5ED001C7B73 /* SF-Pro-Display-Light.otf */,
				B8EB51052B7CB5ED001C7B73 /* SF-Pro-Rounded-Semibold.otf */,
				B8EB51062B7CB5ED001C7B73 /* SF-Pro-Display-Regular.otf */,
				B8EB51072B7CB5ED001C7B73 /* SF-Pro-Text-MediumItalic.otf */,
				B8EB51082B7CB5ED001C7B73 /* SF-Pro-Display-Bold.otf */,
				B8EB51092B7CB5ED001C7B73 /* SF-Pro-Rounded-Regular.otf */,
				B8EB510A2B7CB5ED001C7B73 /* SF-Pro-Display-Medium.otf */,
				B8EB510B2B7CB5ED001C7B73 /* Arial Unicode.ttf */,
				B8EB510C2B7CB5ED001C7B73 /* SF-Pro-Display-Heavy.otf */,
				B8EB510D2B7CB5ED001C7B73 /* SF-Pro-Text-Light.otf */,
				B8EB510E2B7CB5ED001C7B73 /* SF-Pro-Rounded-Black.otf */,
				B8EB510F2B7CB5ED001C7B73 /* SF-Pro-Display-Semibold.otf */,
				B8EB51102B7CB5ED001C7B73 /* SF-Pro-Text-BlackItalic.otf */,
				B8EB51112B7CB5ED001C7B73 /* SF-Pro-Text-Black.otf */,
				B8EB51122B7CB5ED001C7B73 /* SF-Pro-Rounded-Light.otf */,
				B8EB51132B7CB5ED001C7B73 /* SF-Pro-Text-Regular.otf */,
				B8EB51142B7CB5EE001C7B73 /* SF-Pro-Text-Ultralight.otf */,
				B8EB51152B7CB5EE001C7B73 /* SF-Pro-Text-Bold.otf */,
				B8EB51162B7CB5EE001C7B73 /* SF-Pro-Text-Thin.otf */,
				B8EB51172B7CB5EE001C7B73 /* SF-Pro-Display-MediumItalic.otf */,
				B8EB51182B7CB5EE001C7B73 /* SF-Pro-Display-HeavyItalic.otf */,
				B8EB51192B7CB5EE001C7B73 /* SF-Pro-Display-Ultralight.otf */,
				B8EB511A2B7CB5EE001C7B73 /* SF-Pro-Display-UltralightItalic.otf */,
				B8EB511B2B7CB5EE001C7B73 /* SF-Pro-Display-LightItalic.otf */,
				B8EB511C2B7CB5EE001C7B73 /* SF-Pro-Rounded-Thin.otf */,
				B8EB511D2B7CB5EE001C7B73 /* SF-Pro-Text-ThinItalic.otf */,
				B8EB511E2B7CB5EE001C7B73 /* SF-Pro-Display-BlackItalic.otf */,
				B8EB511F2B7CB5EE001C7B73 /* SF-Pro-Display-Black.otf */,
				B8EB51202B7CB5EE001C7B73 /* SF-Pro-Rounded-Medium.otf */,
				B8EB51212B7CB5EE001C7B73 /* SF-Pro-Text-BoldItalic.otf */,
				B8EB51222B7CB5EE001C7B73 /* SF-Pro-Text-RegularItalic.otf */,
				B8EB51232B7CB5EE001C7B73 /* SF-Pro-Text-Semibold.otf */,
				B8EB51242B7CB5EE001C7B73 /* SF-Pro-Text-HeavyItalic.otf */,
				B8EB51252B7CB5EE001C7B73 /* SF-Pro-Display-ThinItalic.otf */,
				B8EB51262B7CB5EE001C7B73 /* SF-Pro-Text-LightItalic.otf */,
				B8EB51272B7CB5EE001C7B73 /* SF-Pro-Rounded-Ultralight.otf */,
				B8EB51282B7CB5EE001C7B73 /* SF-Pro-Text-Medium.otf */,
				B8EB51292B7CB5EE001C7B73 /* SF-Pro-Rounded-Heavy.otf */,
				B8EB512A2B7CB5EE001C7B73 /* SF-Pro-Display-BoldItalic.otf */,
				B8EB512B2B7CB5EE001C7B73 /* SF-Pro-Rounded-Bold.otf */,
				B8EB512C2B7CB5EE001C7B73 /* SF-Pro-Text-SemiboldItalic.otf */,
			);
			path = "SF-Pro-Display";
			sourceTree = "<group>";
		};
		B8EB515F2B7CB696001C7B73 /* Views */ = {
			isa = PBXGroup;
			children = (
				B8EB51612B7CB6B4001C7B73 /* CustomViews */,
				B8EB51602B7CB6A0001C7B73 /* ViewControllers */,
			);
			path = Views;
			sourceTree = "<group>";
		};
		B8EB51602B7CB6A0001C7B73 /* ViewControllers */ = {
			isa = PBXGroup;
			children = (
				B8EB50842B7C7A16001C7B73 /* ViewController.swift */,
				B8EB51622B7CB708001C7B73 /* MainViewController.swift */,
				B8EB51842B7E2725001C7B73 /* PlaceViewController.swift */,
			);
			path = ViewControllers;
			sourceTree = "<group>";
		};
		B8EB51612B7CB6B4001C7B73 /* CustomViews */ = {
			isa = PBXGroup;
			children = (
				B8EB51862B7FA5DC001C7B73 /* CustomPrimaryButton.swift */,
				B8EB51882B7FAAD2001C7B73 /* CustomImageButton.swift */,
				B8EB51752B7E0BE4001C7B73 /* CollectionCells */,
				B8EB51742B7E0645001C7B73 /* TableCells */,
			);
			path = CustomViews;
			sourceTree = "<group>";
		};
		B8EB51642B7CB835001C7B73 /* ViewModels */ = {
			isa = PBXGroup;
			children = (
			);
			path = ViewModels;
			sourceTree = "<group>";
		};
		B8EB51652B7CB844001C7B73 /* Models */ = {
			isa = PBXGroup;
			children = (
				B8EB51822B7E0EBF001C7B73 /* Place.swift */,
			);
			path = Models;
			sourceTree = "<group>";
		};
		B8EB51742B7E0645001C7B73 /* TableCells */ = {
			isa = PBXGroup;
			children = (
				B8EB51762B7E0C63001C7B73 /* CollectionTableViewCell.swift */,
				B8EB51772B7E0C63001C7B73 /* CollectionTableViewCell.xib */,
			);
			path = TableCells;
			sourceTree = "<group>";
		};
		B8EB51752B7E0BE4001C7B73 /* CollectionCells */ = {
			isa = PBXGroup;
			children = (
				B8EB517A2B7E0D39001C7B73 /* CategoriesCollectionViewCell.swift */,
				B8EB517B2B7E0D39001C7B73 /* CategoriesCollectionViewCell.xib */,
				B8EB517E2B7E0D4C001C7B73 /* PlacesCollectionViewCell.swift */,
				B8EB517F2B7E0D4C001C7B73 /* PlacesCollectionViewCell.xib */,
			);
			path = CollectionCells;
			sourceTree = "<group>";
		};
/* End PBXGroup section */

/* Begin PBXNativeTarget section */
		B8EB507C2B7C7A16001C7B73 /* NeoTour */ = {
			isa = PBXNativeTarget;
			buildConfigurationList = B8EB50912B7C7A18001C7B73 /* Build configuration list for PBXNativeTarget "NeoTour" */;
			buildPhases = (
				B8EB50792B7C7A16001C7B73 /* Sources */,
				B8EB507A2B7C7A16001C7B73 /* Frameworks */,
				B8EB507B2B7C7A16001C7B73 /* Resources */,
			);
			buildRules = (
			);
			dependencies = (
			);
			name = NeoTour;
			productName = NeoTour;
			productReference = B8EB507D2B7C7A16001C7B73 /* NeoTour.app */;
			productType = "com.apple.product-type.application";
		};
/* End PBXNativeTarget section */

/* Begin PBXProject section */
		B8EB50752B7C7A16001C7B73 /* Project object */ = {
			isa = PBXProject;
			attributes = {
				BuildIndependentTargetsInParallel = 1;
				LastSwiftUpdateCheck = 1520;
				LastUpgradeCheck = 1520;
				TargetAttributes = {
					B8EB507C2B7C7A16001C7B73 = {
						CreatedOnToolsVersion = 15.2;
					};
				};
			};
			buildConfigurationList = B8EB50782B7C7A16001C7B73 /* Build configuration list for PBXProject "NeoTour" */;
			compatibilityVersion = "Xcode 14.0";
			developmentRegion = en;
			hasScannedForEncodings = 0;
			knownRegions = (
				en,
				Base,
			);
			mainGroup = B8EB50742B7C7A16001C7B73;
			productRefGroup = B8EB507E2B7C7A16001C7B73 /* Products */;
			projectDirPath = "";
			projectRoot = "";
			targets = (
				B8EB507C2B7C7A16001C7B73 /* NeoTour */,
			);
		};
/* End PBXProject section */

/* Begin PBXResourcesBuildPhase section */
		B8EB507B2B7C7A16001C7B73 /* Resources */ = {
			isa = PBXResourcesBuildPhase;
			buildActionMask = 2147483647;
			files = (
				B8EB512E2B7CB5EE001C7B73 /* SF-Pro-Display-Thin.otf in Resources */,
				B8EB51362B7CB5EE001C7B73 /* SF-Pro-Display-Regular.otf in Resources */,
				B8EB51462B7CB5EE001C7B73 /* SF-Pro-Text-Thin.otf in Resources */,
				B8EB51502B7CB5EE001C7B73 /* SF-Pro-Rounded-Medium.otf in Resources */,
				B8EB508D2B7C7A18001C7B73 /* LaunchScreen.storyboard in Resources */,
				B8EB51542B7CB5EE001C7B73 /* SF-Pro-Text-HeavyItalic.otf in Resources */,
				B8EB513C2B7CB5EE001C7B73 /* SF-Pro-Display-Heavy.otf in Resources */,
				B8EB51792B7E0C63001C7B73 /* CollectionTableViewCell.xib in Resources */,
				B8EB51532B7CB5EE001C7B73 /* SF-Pro-Text-Semibold.otf in Resources */,
				B8EB51442B7CB5EE001C7B73 /* SF-Pro-Text-Ultralight.otf in Resources */,
				B8EB512F2B7CB5EE001C7B73 /* SF-Pro-Display-SemiboldItalic.otf in Resources */,
				B8EB515C2B7CB5EE001C7B73 /* SF-Pro-Text-SemiboldItalic.otf in Resources */,
				B8EB51562B7CB5EE001C7B73 /* SF-Pro-Text-LightItalic.otf in Resources */,
				B8EB51302B7CB5EE001C7B73 /* SF-Pro.ttf in Resources */,
				B8EB514C2B7CB5EE001C7B73 /* SF-Pro-Rounded-Thin.otf in Resources */,
				B8EB51422B7CB5EE001C7B73 /* SF-Pro-Rounded-Light.otf in Resources */,
				B8EB51592B7CB5EE001C7B73 /* SF-Pro-Rounded-Heavy.otf in Resources */,
				B8EB51392B7CB5EE001C7B73 /* SF-Pro-Rounded-Regular.otf in Resources */,
				B8EB514F2B7CB5EE001C7B73 /* SF-Pro-Display-Black.otf in Resources */,
				B8EB51582B7CB5EE001C7B73 /* SF-Pro-Text-Medium.otf in Resources */,
				B8EB51522B7CB5EE001C7B73 /* SF-Pro-Text-RegularItalic.otf in Resources */,
				B8EB515B2B7CB5EE001C7B73 /* SF-Pro-Rounded-Bold.otf in Resources */,
				B8EB51412B7CB5EE001C7B73 /* SF-Pro-Text-Black.otf in Resources */,
				B8EB51482B7CB5EE001C7B73 /* SF-Pro-Display-HeavyItalic.otf in Resources */,
				B8EB51322B7CB5EE001C7B73 /* SF-Pro-Text-Heavy.otf in Resources */,
				B8EB508A2B7C7A18001C7B73 /* Assets.xcassets in Resources */,
				B8EB51812B7E0D4C001C7B73 /* PlacesCollectionViewCell.xib in Resources */,
				B8EB51552B7CB5EE001C7B73 /* SF-Pro-Display-ThinItalic.otf in Resources */,
				B8EB50882B7C7A16001C7B73 /* Main.storyboard in Resources */,
				B8EB514D2B7CB5EE001C7B73 /* SF-Pro-Text-ThinItalic.otf in Resources */,
				B8EB51372B7CB5EE001C7B73 /* SF-Pro-Text-MediumItalic.otf in Resources */,
				B8EB51352B7CB5EE001C7B73 /* SF-Pro-Rounded-Semibold.otf in Resources */,
				B8EB51472B7CB5EE001C7B73 /* SF-Pro-Display-MediumItalic.otf in Resources */,
				B8EB514A2B7CB5EE001C7B73 /* SF-Pro-Display-UltralightItalic.otf in Resources */,
				B8EB51342B7CB5EE001C7B73 /* SF-Pro-Display-Light.otf in Resources */,
				B8EB51382B7CB5EE001C7B73 /* SF-Pro-Display-Bold.otf in Resources */,
				B8EB51572B7CB5EE001C7B73 /* SF-Pro-Rounded-Ultralight.otf in Resources */,
				B8EB513D2B7CB5EE001C7B73 /* SF-Pro-Text-Light.otf in Resources */,
				B8EB513B2B7CB5EE001C7B73 /* Arial Unicode.ttf in Resources */,
				B8EB51312B7CB5EE001C7B73 /* SF-Pro-Text-UltralightItalic.otf in Resources */,
				B8EB513E2B7CB5EE001C7B73 /* SF-Pro-Rounded-Black.otf in Resources */,
				B8EB515A2B7CB5EE001C7B73 /* SF-Pro-Display-BoldItalic.otf in Resources */,
				B8EB51332B7CB5EE001C7B73 /* SF-Pro-Display-RegularItalic.otf in Resources */,
				B8EB51452B7CB5EE001C7B73 /* SF-Pro-Text-Bold.otf in Resources */,
				B8EB512D2B7CB5EE001C7B73 /* SF-Pro-Italic.ttf in Resources */,
				B8EB517D2B7E0D39001C7B73 /* CategoriesCollectionViewCell.xib in Resources */,
				B8EB51492B7CB5EE001C7B73 /* SF-Pro-Display-Ultralight.otf in Resources */,
				B8EB51432B7CB5EE001C7B73 /* SF-Pro-Text-Regular.otf in Resources */,
				B8EB513F2B7CB5EE001C7B73 /* SF-Pro-Display-Semibold.otf in Resources */,
				B8EB514E2B7CB5EE001C7B73 /* SF-Pro-Display-BlackItalic.otf in Resources */,
				B8EB513A2B7CB5EE001C7B73 /* SF-Pro-Display-Medium.otf in Resources */,
				B8EB514B2B7CB5EE001C7B73 /* SF-Pro-Display-LightItalic.otf in Resources */,
				B8EB51512B7CB5EE001C7B73 /* SF-Pro-Text-BoldItalic.otf in Resources */,
				B8EB51402B7CB5EE001C7B73 /* SF-Pro-Text-BlackItalic.otf in Resources */,
			);
			runOnlyForDeploymentPostprocessing = 0;
		};
/* End PBXResourcesBuildPhase section */

/* Begin PBXSourcesBuildPhase section */
		B8EB50792B7C7A16001C7B73 /* Sources */ = {
			isa = PBXSourcesBuildPhase;
			buildActionMask = 2147483647;
			files = (
				B8EB517C2B7E0D39001C7B73 /* CategoriesCollectionViewCell.swift in Sources */,
				B8EB51782B7E0C63001C7B73 /* CollectionTableViewCell.swift in Sources */,
				B8EB50852B7C7A16001C7B73 /* ViewController.swift in Sources */,
				B8EB51852B7E2725001C7B73 /* PlaceViewController.swift in Sources */,
				B8EB51892B7FAAD2001C7B73 /* CustomImageButton.swift in Sources */,
				B8EB51832B7E0EBF001C7B73 /* Place.swift in Sources */,
				B8EB51872B7FA5DC001C7B73 /* CustomPrimaryButton.swift in Sources */,
				B8EB50812B7C7A16001C7B73 /* AppDelegate.swift in Sources */,
				B8EB50832B7C7A16001C7B73 /* SceneDelegate.swift in Sources */,
				B8EB51632B7CB708001C7B73 /* MainViewController.swift in Sources */,
				B8EB51802B7E0D4C001C7B73 /* PlacesCollectionViewCell.swift in Sources */,
			);
			runOnlyForDeploymentPostprocessing = 0;
		};
/* End PBXSourcesBuildPhase section */

/* Begin PBXVariantGroup section */
		B8EB50862B7C7A16001C7B73 /* Main.storyboard */ = {
			isa = PBXVariantGroup;
			children = (
				B8EB50872B7C7A16001C7B73 /* Base */,
			);
			name = Main.storyboard;
			sourceTree = "<group>";
		};
		B8EB508B2B7C7A18001C7B73 /* LaunchScreen.storyboard */ = {
			isa = PBXVariantGroup;
			children = (
				B8EB508C2B7C7A18001C7B73 /* Base */,
			);
			name = LaunchScreen.storyboard;
			sourceTree = "<group>";
		};
/* End PBXVariantGroup section */

/* Begin XCBuildConfiguration section */
		B8EB508F2B7C7A18001C7B73 /* Debug */ = {
			isa = XCBuildConfiguration;
			buildSettings = {
				ALWAYS_SEARCH_USER_PATHS = NO;
				ASSETCATALOG_COMPILER_GENERATE_SWIFT_ASSET_SYMBOL_EXTENSIONS = YES;
				CLANG_ANALYZER_NONNULL = YES;
				CLANG_ANALYZER_NUMBER_OBJECT_CONVERSION = YES_AGGRESSIVE;
				CLANG_CXX_LANGUAGE_STANDARD = "gnu++20";
				CLANG_ENABLE_MODULES = YES;
				CLANG_ENABLE_OBJC_ARC = YES;
				CLANG_ENABLE_OBJC_WEAK = YES;
				CLANG_WARN_BLOCK_CAPTURE_AUTORELEASING = YES;
				CLANG_WARN_BOOL_CONVERSION = YES;
				CLANG_WARN_COMMA = YES;
				CLANG_WARN_CONSTANT_CONVERSION = YES;
				CLANG_WARN_DEPRECATED_OBJC_IMPLEMENTATIONS = YES;
				CLANG_WARN_DIRECT_OBJC_ISA_USAGE = YES_ERROR;
				CLANG_WARN_DOCUMENTATION_COMMENTS = YES;
				CLANG_WARN_EMPTY_BODY = YES;
				CLANG_WARN_ENUM_CONVERSION = YES;
				CLANG_WARN_INFINITE_RECURSION = YES;
				CLANG_WARN_INT_CONVERSION = YES;
				CLANG_WARN_NON_LITERAL_NULL_CONVERSION = YES;
				CLANG_WARN_OBJC_IMPLICIT_RETAIN_SELF = YES;
				CLANG_WARN_OBJC_LITERAL_CONVERSION = YES;
				CLANG_WARN_OBJC_ROOT_CLASS = YES_ERROR;
				CLANG_WARN_QUOTED_INCLUDE_IN_FRAMEWORK_HEADER = YES;
				CLANG_WARN_RANGE_LOOP_ANALYSIS = YES;
				CLANG_WARN_STRICT_PROTOTYPES = YES;
				CLANG_WARN_SUSPICIOUS_MOVE = YES;
				CLANG_WARN_UNGUARDED_AVAILABILITY = YES_AGGRESSIVE;
				CLANG_WARN_UNREACHABLE_CODE = YES;
				CLANG_WARN__DUPLICATE_METHOD_MATCH = YES;
				COPY_PHASE_STRIP = NO;
				DEBUG_INFORMATION_FORMAT = dwarf;
				ENABLE_STRICT_OBJC_MSGSEND = YES;
				ENABLE_TESTABILITY = YES;
				ENABLE_USER_SCRIPT_SANDBOXING = YES;
				GCC_C_LANGUAGE_STANDARD = gnu17;
				GCC_DYNAMIC_NO_PIC = NO;
				GCC_NO_COMMON_BLOCKS = YES;
				GCC_OPTIMIZATION_LEVEL = 0;
				GCC_PREPROCESSOR_DEFINITIONS = (
					"DEBUG=1",
					"$(inherited)",
				);
				GCC_WARN_64_TO_32_BIT_CONVERSION = YES;
				GCC_WARN_ABOUT_RETURN_TYPE = YES_ERROR;
				GCC_WARN_UNDECLARED_SELECTOR = YES;
				GCC_WARN_UNINITIALIZED_AUTOS = YES_AGGRESSIVE;
				GCC_WARN_UNUSED_FUNCTION = YES;
				GCC_WARN_UNUSED_VARIABLE = YES;
				IPHONEOS_DEPLOYMENT_TARGET = 17.2;
				LOCALIZATION_PREFERS_STRING_CATALOGS = YES;
				MTL_ENABLE_DEBUG_INFO = INCLUDE_SOURCE;
				MTL_FAST_MATH = YES;
				ONLY_ACTIVE_ARCH = YES;
				SDKROOT = iphoneos;
				SWIFT_ACTIVE_COMPILATION_CONDITIONS = "DEBUG $(inherited)";
				SWIFT_OPTIMIZATION_LEVEL = "-Onone";
			};
			name = Debug;
		};
		B8EB50902B7C7A18001C7B73 /* Release */ = {
			isa = XCBuildConfiguration;
			buildSettings = {
				ALWAYS_SEARCH_USER_PATHS = NO;
				ASSETCATALOG_COMPILER_GENERATE_SWIFT_ASSET_SYMBOL_EXTENSIONS = YES;
				CLANG_ANALYZER_NONNULL = YES;
				CLANG_ANALYZER_NUMBER_OBJECT_CONVERSION = YES_AGGRESSIVE;
				CLANG_CXX_LANGUAGE_STANDARD = "gnu++20";
				CLANG_ENABLE_MODULES = YES;
				CLANG_ENABLE_OBJC_ARC = YES;
				CLANG_ENABLE_OBJC_WEAK = YES;
				CLANG_WARN_BLOCK_CAPTURE_AUTORELEASING = YES;
				CLANG_WARN_BOOL_CONVERSION = YES;
				CLANG_WARN_COMMA = YES;
				CLANG_WARN_CONSTANT_CONVERSION = YES;
				CLANG_WARN_DEPRECATED_OBJC_IMPLEMENTATIONS = YES;
				CLANG_WARN_DIRECT_OBJC_ISA_USAGE = YES_ERROR;
				CLANG_WARN_DOCUMENTATION_COMMENTS = YES;
				CLANG_WARN_EMPTY_BODY = YES;
				CLANG_WARN_ENUM_CONVERSION = YES;
				CLANG_WARN_INFINITE_RECURSION = YES;
				CLANG_WARN_INT_CONVERSION = YES;
				CLANG_WARN_NON_LITERAL_NULL_CONVERSION = YES;
				CLANG_WARN_OBJC_IMPLICIT_RETAIN_SELF = YES;
				CLANG_WARN_OBJC_LITERAL_CONVERSION = YES;
				CLANG_WARN_OBJC_ROOT_CLASS = YES_ERROR;
				CLANG_WARN_QUOTED_INCLUDE_IN_FRAMEWORK_HEADER = YES;
				CLANG_WARN_RANGE_LOOP_ANALYSIS = YES;
				CLANG_WARN_STRICT_PROTOTYPES = YES;
				CLANG_WARN_SUSPICIOUS_MOVE = YES;
				CLANG_WARN_UNGUARDED_AVAILABILITY = YES_AGGRESSIVE;
				CLANG_WARN_UNREACHABLE_CODE = YES;
				CLANG_WARN__DUPLICATE_METHOD_MATCH = YES;
				COPY_PHASE_STRIP = NO;
				DEBUG_INFORMATION_FORMAT = "dwarf-with-dsym";
				ENABLE_NS_ASSERTIONS = NO;
				ENABLE_STRICT_OBJC_MSGSEND = YES;
				ENABLE_USER_SCRIPT_SANDBOXING = YES;
				GCC_C_LANGUAGE_STANDARD = gnu17;
				GCC_NO_COMMON_BLOCKS = YES;
				GCC_WARN_64_TO_32_BIT_CONVERSION = YES;
				GCC_WARN_ABOUT_RETURN_TYPE = YES_ERROR;
				GCC_WARN_UNDECLARED_SELECTOR = YES;
				GCC_WARN_UNINITIALIZED_AUTOS = YES_AGGRESSIVE;
				GCC_WARN_UNUSED_FUNCTION = YES;
				GCC_WARN_UNUSED_VARIABLE = YES;
				IPHONEOS_DEPLOYMENT_TARGET = 17.2;
				LOCALIZATION_PREFERS_STRING_CATALOGS = YES;
				MTL_ENABLE_DEBUG_INFO = NO;
				MTL_FAST_MATH = YES;
				SDKROOT = iphoneos;
				SWIFT_COMPILATION_MODE = wholemodule;
				VALIDATE_PRODUCT = YES;
			};
			name = Release;
		};
		B8EB50922B7C7A18001C7B73 /* Debug */ = {
			isa = XCBuildConfiguration;
			buildSettings = {
				ASSETCATALOG_COMPILER_APPICON_NAME = AppIcon;
				ASSETCATALOG_COMPILER_GLOBAL_ACCENT_COLOR_NAME = AccentColor;
				CODE_SIGN_STYLE = Automatic;
				CURRENT_PROJECT_VERSION = 1;
				DEVELOPMENT_TEAM = Z8VL4FLQJ7;
				GENERATE_INFOPLIST_FILE = YES;
				INFOPLIST_FILE = NeoTour/Info.plist;
				INFOPLIST_KEY_UIApplicationSupportsIndirectInputEvents = YES;
				INFOPLIST_KEY_UILaunchStoryboardName = LaunchScreen;
				INFOPLIST_KEY_UIMainStoryboardFile = Main;
				INFOPLIST_KEY_UISupportedInterfaceOrientations_iPad = "UIInterfaceOrientationPortrait UIInterfaceOrientationPortraitUpsideDown UIInterfaceOrientationLandscapeLeft UIInterfaceOrientationLandscapeRight";
				INFOPLIST_KEY_UISupportedInterfaceOrientations_iPhone = "UIInterfaceOrientationPortrait UIInterfaceOrientationLandscapeLeft UIInterfaceOrientationLandscapeRight";
				LD_RUNPATH_SEARCH_PATHS = (
					"$(inherited)",
					"@executable_path/Frameworks",
				);
				MARKETING_VERSION = 1.0;
				PRODUCT_BUNDLE_IDENTIFIER = com.sturdytea.NeoTour;
				PRODUCT_NAME = "$(TARGET_NAME)";
				SWIFT_EMIT_LOC_STRINGS = YES;
				SWIFT_VERSION = 5.0;
				TARGETED_DEVICE_FAMILY = "1,2";
			};
			name = Debug;
		};
		B8EB50932B7C7A18001C7B73 /* Release */ = {
			isa = XCBuildConfiguration;
			buildSettings = {
				ASSETCATALOG_COMPILER_APPICON_NAME = AppIcon;
				ASSETCATALOG_COMPILER_GLOBAL_ACCENT_COLOR_NAME = AccentColor;
				CODE_SIGN_STYLE = Automatic;
				CURRENT_PROJECT_VERSION = 1;
				DEVELOPMENT_TEAM = Z8VL4FLQJ7;
				GENERATE_INFOPLIST_FILE = YES;
				INFOPLIST_FILE = NeoTour/Info.plist;
				INFOPLIST_KEY_UIApplicationSupportsIndirectInputEvents = YES;
				INFOPLIST_KEY_UILaunchStoryboardName = LaunchScreen;
				INFOPLIST_KEY_UIMainStoryboardFile = Main;
				INFOPLIST_KEY_UISupportedInterfaceOrientations_iPad = "UIInterfaceOrientationPortrait UIInterfaceOrientationPortraitUpsideDown UIInterfaceOrientationLandscapeLeft UIInterfaceOrientationLandscapeRight";
				INFOPLIST_KEY_UISupportedInterfaceOrientations_iPhone = "UIInterfaceOrientationPortrait UIInterfaceOrientationLandscapeLeft UIInterfaceOrientationLandscapeRight";
				LD_RUNPATH_SEARCH_PATHS = (
					"$(inherited)",
					"@executable_path/Frameworks",
				);
				MARKETING_VERSION = 1.0;
				PRODUCT_BUNDLE_IDENTIFIER = com.sturdytea.NeoTour;
				PRODUCT_NAME = "$(TARGET_NAME)";
				SWIFT_EMIT_LOC_STRINGS = YES;
				SWIFT_VERSION = 5.0;
				TARGETED_DEVICE_FAMILY = "1,2";
			};
			name = Release;
		};
/* End XCBuildConfiguration section */

/* Begin XCConfigurationList section */
		B8EB50782B7C7A16001C7B73 /* Build configuration list for PBXProject "NeoTour" */ = {
			isa = XCConfigurationList;
			buildConfigurations = (
				B8EB508F2B7C7A18001C7B73 /* Debug */,
				B8EB50902B7C7A18001C7B73 /* Release */,
			);
			defaultConfigurationIsVisible = 0;
			defaultConfigurationName = Release;
		};
		B8EB50912B7C7A18001C7B73 /* Build configuration list for PBXNativeTarget "NeoTour" */ = {
			isa = XCConfigurationList;
			buildConfigurations = (
				B8EB50922B7C7A18001C7B73 /* Debug */,
				B8EB50932B7C7A18001C7B73 /* Release */,
			);
			defaultConfigurationIsVisible = 0;
			defaultConfigurationName = Release;
		};
/* End XCConfigurationList section */
	};
	rootObject = B8EB50752B7C7A16001C7B73 /* Project object */;
}
